
Microsoft Visual Studio Solution File, Format Version 12.00
Project("{FAE04EC0-301F-11D3-BF4B-00C04F79EFBC}") = "Bandit Militias", "Bandit Militias.csproj", "{637F4AC9-A0CB-48C1-9CE4-FA6A6CFD6415}"
EndProject
Global
	GlobalSection(SolutionConfigurationPlatforms) = preSolution
		Debug|Any CPU = Debug|Any CPU
		Release|Any CPU = Release|Any CPU
	EndGlobalSection
	GlobalSection(ProjectConfigurationPlatforms) = postSolution
		{637F4AC9-A0CB-48C1-9CE4-FA6A6CFD6415}.Debug|Any CPU.ActiveCfg = Debug|Any CPU
		{637F4AC9-A0CB-48C1-9CE4-FA6A6CFD6415}.Debug|Any CPU.Build.0 = Debug|Any CPU
		{637F4AC9-A0CB-48C1-9CE4-FA6A6CFD6415}.Release|Any CPU.ActiveCfg = Release|Any CPU
		{637F4AC9-A0CB-48C1-9CE4-FA6A6CFD6415}.Release|Any CPU.Build.0 = Release|Any CPU
	EndGlobalSection
EndGlobal
